# THIS IS AN AUTOGENERATED FILE. DO NOT EDIT THIS FILE DIRECTLY.
# yarn lockfile v1


http-tag@^2.0.0:
  version "2.0.0"
  resolved "https://registry.yarnpkg.com/http-tag/-/http-tag-2.0.0.tgz#0e6652b5288bce0f340ef1fef7e2ac78664e2553"
  integrity sha512-o0N9C2mvhDbSDU6ZrPGQadzPsiGIm8o3dzwGtQ5O4JfFD8+OseaRsA/v4uyl4MvDhyxcTcDqHW1zMXW81CXZNg==
